golang.org/x/exp v0.0.0-20230626212559-97b1e661b5df h1:UA2aFVmmsIlefxMk29Dp2juaUSth8Pyn3Tq5Y5mJGME=
golang.org/x/exp v0.0.0-20230626212559-97b1e661b5df/go.mod h1:FXUEEKJgO7OQYeo8N01OfiKP8RXMtf6e8aTskBGqWdc=
libdb.so/scouts-server v0.0.0-20231216141957-cae8d03fa425 h1:oa1ajU2XGuV9VAHibWIUC9nj0BGfZfPMSJmURdbpxIU=
libdb.so/scouts-server v0.0.0-20231216141957-cae8d03fa425/go.mod h1:fATJwW4DqJaskR9c3xL8MB9OnBBKeZsvqzQ0jd/JsHM=
libdb.so/scouts-server v0.0.0-20231217144238-f56459d69e9e h1:lFPVqBcPhcmqaI1Q7H7sBTq2yMJ9tEvclG+s3ePe3qk=
libdb.so/scouts-server v0.0.0-20231217144238-f56459d69e9e/go.mod h1:fATJwW4DqJaskR9c3xL8MB9OnBBKeZsvqzQ0jd/JsHM=
